
Microsoft Visual Studio Solution File, Format Version 12.00
# Visual Studio Version 17
VisualStudioVersion = 17.0.31903.59
MinimumVisualStudioVersion = 10.0.40219.1
Project("{FAE04EC0-301F-11D3-BF4B-00C04F79EFBC}") = "Todolist.Domain", "src\Todolist.Domain\Todolist.Domain.csproj", "{96599734-2BE4-465B-8B6E-C1F70DB11B96}"
EndProject
Project("{FAE04EC0-301F-11D3-BF4B-00C04F79EFBC}") = "Todolist.Application", "src\Todolist.Application\Todolist.Application.csproj", "{4CF26E85-6CD5-4F33-B335-DF67A88A2BF0}"
EndProject
Project("{FAE04EC0-301F-11D3-BF4B-00C04F79EFBC}") = "Todolist.Infrastructure", "src\Todolist.Infrastructure\Todolist.Infrastructure.csproj", "{DE8DBE60-8D29-45AB-87C0-3318A97798E9}"
EndProject
Project("{FAE04EC0-301F-11D3-BF4B-00C04F79EFBC}") = "Todolist.WebAPI", "src\Todolist.WebAPI\Todolist.WebAPI.csproj", "{2BCF31C4-5616-4279-BB01-EC66DB489A5A}"
EndProject
Global
	GlobalSection(SolutionConfigurationPlatforms) = preSolution
		Debug|Any CPU = Debug|Any CPU
		Release|Any CPU = Release|Any CPU
	EndGlobalSection
	GlobalSection(ProjectConfigurationPlatforms) = postSolution
		{96599734-2BE4-465B-8B6E-C1F70DB11B96}.Debug|Any CPU.ActiveCfg = Debug|Any CPU
		{96599734-2BE4-465B-8B6E-C1F70DB11B96}.Debug|Any CPU.Build.0 = Debug|Any CPU
		{96599734-2BE4-465B-8B6E-C1F70DB11B96}.Release|Any CPU.ActiveCfg = Release|Any CPU
		{96599734-2BE4-465B-8B6E-C1F70DB11B96}.Release|Any CPU.Build.0 = Release|Any CPU
		{4CF26E85-6CD5-4F33-B335-DF67A88A2BF0}.Debug|Any CPU.ActiveCfg = Debug|Any CPU
		{4CF26E85-6CD5-4F33-B335-DF67A88A2BF0}.Debug|Any CPU.Build.0 = Debug|Any CPU
		{4CF26E85-6CD5-4F33-B335-DF67A88A2BF0}.Release|Any CPU.ActiveCfg = Release|Any CPU
		{4CF26E85-6CD5-4F33-B335-DF67A88A2BF0}.Release|Any CPU.Build.0 = Release|Any CPU
		{DE8DBE60-8D29-45AB-87C0-3318A97798E9}.Debug|Any CPU.ActiveCfg = Debug|Any CPU
		{DE8DBE60-8D29-45AB-87C0-3318A97798E9}.Debug|Any CPU.Build.0 = Debug|Any CPU
		{DE8DBE60-8D29-45AB-87C0-3318A97798E9}.Release|Any CPU.ActiveCfg = Release|Any CPU
		{DE8DBE60-8D29-45AB-87C0-3318A97798E9}.Release|Any CPU.Build.0 = Release|Any CPU
		{2BCF31C4-5616-4279-BB01-EC66DB489A5A}.Debug|Any CPU.ActiveCfg = Debug|Any CPU
		{2BCF31C4-5616-4279-BB01-EC66DB489A5A}.Debug|Any CPU.Build.0 = Debug|Any CPU
		{2BCF31C4-5616-4279-BB01-EC66DB489A5A}.Release|Any CPU.ActiveCfg = Release|Any CPU
		{2BCF31C4-5616-4279-BB01-EC66DB489A5A}.Release|Any CPU.Build.0 = Release|Any CPU
	EndGlobalSection
	GlobalSection(SolutionProperties) = preSolution
		HideSolutionNode = FALSE
	EndGlobalSection
EndGlobal
